Microsoft Visual Studio Solution File, Format Version 12.00
# Visual Studio 16
Project("{2150E333-8FDC-42A3-9474-1A3956D46DE8}") = "CMakePredefinedTargets", "CMakePredefinedTargets", "{DDED5D63-472D-3BE3-AFAD-E1A3D43D4B8E}"
EndProject
Project("{2150E333-8FDC-42A3-9474-1A3956D46DE8}") = "GLFW3", "GLFW3", "{D4DEF0F2-1896-3E00-8A2C-49BB58322C44}"
EndProject
Project("{8BC9CEB8-8B4A-11D0-8D11-00A0C91BC942}") = "ALL_BUILD", "ALL_BUILD.vcxproj", "{25AFF377-B03E-320A-A3F5-388CB6D9BF8A}"
	ProjectSection(ProjectDependencies) = postProject
		{B7333390-411D-3435-AB34-53D63724BC80} = {B7333390-411D-3435-AB34-53D63724BC80}
		{07FDEC46-DFC0-3B25-85F6-C23C63860EA6} = {07FDEC46-DFC0-3B25-85F6-C23C63860EA6}
		{110E9F2B-F635-35EA-91EC-CBC262978947} = {110E9F2B-F635-35EA-91EC-CBC262978947}
		{3EBEF1D0-2BCF-3744-9C4E-A6BFA784B53A} = {3EBEF1D0-2BCF-3744-9C4E-A6BFA784B53A}
	EndProjectSection
EndProject
Project("{8BC9CEB8-8B4A-11D0-8D11-00A0C91BC942}") = "INSTALL", "INSTALL.vcxproj", "{8F8E1486-2F98-3B9F-8D1C-27C90C2D4167}"
	ProjectSection(ProjectDependencies) = postProject
		{25AFF377-B03E-320A-A3F5-388CB6D9BF8A} = {25AFF377-B03E-320A-A3F5-388CB6D9BF8A}
		{B7333390-411D-3435-AB34-53D63724BC80} = {B7333390-411D-3435-AB34-53D63724BC80}
	EndProjectSection
EndProject
Project("{8BC9CEB8-8B4A-11D0-8D11-00A0C91BC942}") = "ZERO_CHECK", "ZERO_CHECK.vcxproj", "{B7333390-411D-3435-AB34-53D63724BC80}"
	ProjectSection(ProjectDependencies) = postProject
	EndProjectSection
EndProject
Project("{8BC9CEB8-8B4A-11D0-8D11-00A0C91BC942}") = "glad", "glad.vcxproj", "{07FDEC46-DFC0-3B25-85F6-C23C63860EA6}"
	ProjectSection(ProjectDependencies) = postProject
		{B7333390-411D-3435-AB34-53D63724BC80} = {B7333390-411D-3435-AB34-53D63724BC80}
	EndProjectSection
EndProject
Project("{8BC9CEB8-8B4A-11D0-8D11-00A0C91BC942}") = "glfw", "include\glfw\src\glfw.vcxproj", "{110E9F2B-F635-35EA-91EC-CBC262978947}"
	ProjectSection(ProjectDependencies) = postProject
		{B7333390-411D-3435-AB34-53D63724BC80} = {B7333390-411D-3435-AB34-53D63724BC80}
	EndProjectSection
EndProject
Project("{8BC9CEB8-8B4A-11D0-8D11-00A0C91BC942}") = "learn_opengl", "learn_opengl.vcxproj", "{3EBEF1D0-2BCF-3744-9C4E-A6BFA784B53A}"
	ProjectSection(ProjectDependencies) = postProject
		{B7333390-411D-3435-AB34-53D63724BC80} = {B7333390-411D-3435-AB34-53D63724BC80}
		{07FDEC46-DFC0-3B25-85F6-C23C63860EA6} = {07FDEC46-DFC0-3B25-85F6-C23C63860EA6}
		{110E9F2B-F635-35EA-91EC-CBC262978947} = {110E9F2B-F635-35EA-91EC-CBC262978947}
	EndProjectSection
EndProject
Project("{8BC9CEB8-8B4A-11D0-8D11-00A0C91BC942}") = "uninstall", "include\glfw\uninstall.vcxproj", "{898DD93A-00DC-36A6-921D-A14FD9B22558}"
	ProjectSection(ProjectDependencies) = postProject
		{B7333390-411D-3435-AB34-53D63724BC80} = {B7333390-411D-3435-AB34-53D63724BC80}
	EndProjectSection
EndProject
Global
	GlobalSection(SolutionConfigurationPlatforms) = preSolution
		Debug|x64 = Debug|x64
		Release|x64 = Release|x64
		MinSizeRel|x64 = MinSizeRel|x64
		RelWithDebInfo|x64 = RelWithDebInfo|x64
	EndGlobalSection
	GlobalSection(ProjectConfigurationPlatforms) = postSolution
		{25AFF377-B03E-320A-A3F5-388CB6D9BF8A}.Debug|x64.ActiveCfg = Debug|x64
		{25AFF377-B03E-320A-A3F5-388CB6D9BF8A}.Debug|x64.Build.0 = Debug|x64
		{25AFF377-B03E-320A-A3F5-388CB6D9BF8A}.Release|x64.ActiveCfg = Release|x64
		{25AFF377-B03E-320A-A3F5-388CB6D9BF8A}.Release|x64.Build.0 = Release|x64
		{25AFF377-B03E-320A-A3F5-388CB6D9BF8A}.MinSizeRel|x64.ActiveCfg = MinSizeRel|x64
		{25AFF377-B03E-320A-A3F5-388CB6D9BF8A}.MinSizeRel|x64.Build.0 = MinSizeRel|x64
		{25AFF377-B03E-320A-A3F5-388CB6D9BF8A}.RelWithDebInfo|x64.ActiveCfg = RelWithDebInfo|x64
		{25AFF377-B03E-320A-A3F5-388CB6D9BF8A}.RelWithDebInfo|x64.Build.0 = RelWithDebInfo|x64
		{8F8E1486-2F98-3B9F-8D1C-27C90C2D4167}.Debug|x64.ActiveCfg = Debug|x64
		{8F8E1486-2F98-3B9F-8D1C-27C90C2D4167}.Release|x64.ActiveCfg = Release|x64
		{8F8E1486-2F98-3B9F-8D1C-27C90C2D4167}.MinSizeRel|x64.ActiveCfg = MinSizeRel|x64
		{8F8E1486-2F98-3B9F-8D1C-27C90C2D4167}.RelWithDebInfo|x64.ActiveCfg = RelWithDebInfo|x64
		{B7333390-411D-3435-AB34-53D63724BC80}.Debug|x64.ActiveCfg = Debug|x64
		{B7333390-411D-3435-AB34-53D63724BC80}.Debug|x64.Build.0 = Debug|x64
		{B7333390-411D-3435-AB34-53D63724BC80}.Release|x64.ActiveCfg = Release|x64
		{B7333390-411D-3435-AB34-53D63724BC80}.Release|x64.Build.0 = Release|x64
		{B7333390-411D-3435-AB34-53D63724BC80}.MinSizeRel|x64.ActiveCfg = MinSizeRel|x64
		{B7333390-411D-3435-AB34-53D63724BC80}.MinSizeRel|x64.Build.0 = MinSizeRel|x64
		{B7333390-411D-3435-AB34-53D63724BC80}.RelWithDebInfo|x64.ActiveCfg = RelWithDebInfo|x64
		{B7333390-411D-3435-AB34-53D63724BC80}.RelWithDebInfo|x64.Build.0 = RelWithDebInfo|x64
		{07FDEC46-DFC0-3B25-85F6-C23C63860EA6}.Debug|x64.ActiveCfg = Debug|x64
		{07FDEC46-DFC0-3B25-85F6-C23C63860EA6}.Debug|x64.Build.0 = Debug|x64
		{07FDEC46-DFC0-3B25-85F6-C23C63860EA6}.Release|x64.ActiveCfg = Release|x64
		{07FDEC46-DFC0-3B25-85F6-C23C63860EA6}.Release|x64.Build.0 = Release|x64
		{07FDEC46-DFC0-3B25-85F6-C23C63860EA6}.MinSizeRel|x64.ActiveCfg = MinSizeRel|x64
		{07FDEC46-DFC0-3B25-85F6-C23C63860EA6}.MinSizeRel|x64.Build.0 = MinSizeRel|x64
		{07FDEC46-DFC0-3B25-85F6-C23C63860EA6}.RelWithDebInfo|x64.ActiveCfg = RelWithDebInfo|x64
		{07FDEC46-DFC0-3B25-85F6-C23C63860EA6}.RelWithDebInfo|x64.Build.0 = RelWithDebInfo|x64
		{110E9F2B-F635-35EA-91EC-CBC262978947}.Debug|x64.ActiveCfg = Debug|x64
		{110E9F2B-F635-35EA-91EC-CBC262978947}.Debug|x64.Build.0 = Debug|x64
		{110E9F2B-F635-35EA-91EC-CBC262978947}.Release|x64.ActiveCfg = Release|x64
		{110E9F2B-F635-35EA-91EC-CBC262978947}.Release|x64.Build.0 = Release|x64
		{110E9F2B-F635-35EA-91EC-CBC262978947}.MinSizeRel|x64.ActiveCfg = MinSizeRel|x64
		{110E9F2B-F635-35EA-91EC-CBC262978947}.MinSizeRel|x64.Build.0 = MinSizeRel|x64
		{110E9F2B-F635-35EA-91EC-CBC262978947}.RelWithDebInfo|x64.ActiveCfg = RelWithDebInfo|x64
		{110E9F2B-F635-35EA-91EC-CBC262978947}.RelWithDebInfo|x64.Build.0 = RelWithDebInfo|x64
		{3EBEF1D0-2BCF-3744-9C4E-A6BFA784B53A}.Debug|x64.ActiveCfg = Debug|x64
		{3EBEF1D0-2BCF-3744-9C4E-A6BFA784B53A}.Debug|x64.Build.0 = Debug|x64
		{3EBEF1D0-2BCF-3744-9C4E-A6BFA784B53A}.Release|x64.ActiveCfg = Release|x64
		{3EBEF1D0-2BCF-3744-9C4E-A6BFA784B53A}.Release|x64.Build.0 = Release|x64
		{3EBEF1D0-2BCF-3744-9C4E-A6BFA784B53A}.MinSizeRel|x64.ActiveCfg = MinSizeRel|x64
		{3EBEF1D0-2BCF-3744-9C4E-A6BFA784B53A}.MinSizeRel|x64.Build.0 = MinSizeRel|x64
		{3EBEF1D0-2BCF-3744-9C4E-A6BFA784B53A}.RelWithDebInfo|x64.ActiveCfg = RelWithDebInfo|x64
		{3EBEF1D0-2BCF-3744-9C4E-A6BFA784B53A}.RelWithDebInfo|x64.Build.0 = RelWithDebInfo|x64
		{898DD93A-00DC-36A6-921D-A14FD9B22558}.Debug|x64.ActiveCfg = Debug|x64
		{898DD93A-00DC-36A6-921D-A14FD9B22558}.Release|x64.ActiveCfg = Release|x64
		{898DD93A-00DC-36A6-921D-A14FD9B22558}.MinSizeRel|x64.ActiveCfg = MinSizeRel|x64
		{898DD93A-00DC-36A6-921D-A14FD9B22558}.RelWithDebInfo|x64.ActiveCfg = RelWithDebInfo|x64
	EndGlobalSection
	GlobalSection(NestedProjects) = preSolution
		{25AFF377-B03E-320A-A3F5-388CB6D9BF8A} = {DDED5D63-472D-3BE3-AFAD-E1A3D43D4B8E}
		{8F8E1486-2F98-3B9F-8D1C-27C90C2D4167} = {DDED5D63-472D-3BE3-AFAD-E1A3D43D4B8E}
		{B7333390-411D-3435-AB34-53D63724BC80} = {DDED5D63-472D-3BE3-AFAD-E1A3D43D4B8E}
		{110E9F2B-F635-35EA-91EC-CBC262978947} = {D4DEF0F2-1896-3E00-8A2C-49BB58322C44}
		{898DD93A-00DC-36A6-921D-A14FD9B22558} = {D4DEF0F2-1896-3E00-8A2C-49BB58322C44}
	EndGlobalSection
	GlobalSection(ExtensibilityGlobals) = postSolution
		SolutionGuid = {A8FE2DA0-165B-3BA1-9254-AD8FDA5990E7}
	EndGlobalSection
	GlobalSection(ExtensibilityAddIns) = postSolution
	EndGlobalSection
EndGlobal
